
Microsoft Visual Studio Solution File, Format Version 11.00
# Visual Studio 2010
Project("{FAE04EC0-301F-11D3-BF4B-00C04F79EFBC}") = "Assembly-CSharp", "Assembly-CSharp.csproj", "{b937fcf6-32e4-05a3-4d02-e655f7d105d7}"
EndProject
Project("{FAE04EC0-301F-11D3-BF4B-00C04F79EFBC}") = "Unity.VSCode.Editor", "Unity.VSCode.Editor.csproj", "{078a7d19-7c21-bb5d-e656-fb21693ee9fd}"
EndProject
Global
	GlobalSection(SolutionConfigurationPlatforms) = preSolution
		Debug|Any CPU = Debug|Any CPU
	EndGlobalSection
	GlobalSection(ProjectConfigurationPlatforms) = postSolution
		{b937fcf6-32e4-05a3-4d02-e655f7d105d7}.Debug|Any CPU.ActiveCfg = Debug|Any CPU
		{b937fcf6-32e4-05a3-4d02-e655f7d105d7}.Debug|Any CPU.Build.0 = Debug|Any CPU
		{078a7d19-7c21-bb5d-e656-fb21693ee9fd}.Debug|Any CPU.ActiveCfg = Debug|Any CPU
		{078a7d19-7c21-bb5d-e656-fb21693ee9fd}.Debug|Any CPU.Build.0 = Debug|Any CPU
	EndGlobalSection
	GlobalSection(SolutionProperties) = preSolution
		HideSolutionNode = FALSE
	EndGlobalSection
EndGlobal
